
Microsoft Visual Studio Solution File, Format Version 12.00
# Visual Studio 15
VisualStudioVersion = 15.0.26430.16
MinimumVisualStudioVersion = 10.0.40219.1
Project("{FAE04EC0-301F-11D3-BF4B-00C04F79EFBC}") = "GSoulavy.RuleEngine", "GSoulavy.RuleEngine\GSoulavy.RuleEngine.csproj", "{F2099138-9D97-46F4-8121-A13BDFC858B8}"
EndProject
Project("{FAE04EC0-301F-11D3-BF4B-00C04F79EFBC}") = "GSoulavy.RuleEngine.Tests", "GSoulavy.RuleEngine.Tests\GSoulavy.RuleEngine.Tests.csproj", "{C17860A9-5E73-431F-9C1B-0AF2FE922891}"
EndProject
Project("{2150E333-8FDC-42A3-9474-1A3956D46DE8}") = "Solution Items", "Solution Items", "{5951A6C1-6995-4F32-935C-E6AA1F6D8252}"
	ProjectSection(SolutionItems) = preProject
		README.md = README.md
	EndProjectSection
EndProject
Global
	GlobalSection(SolutionConfigurationPlatforms) = preSolution
		Debug|Any CPU = Debug|Any CPU
		Release|Any CPU = Release|Any CPU
	EndGlobalSection
	GlobalSection(ProjectConfigurationPlatforms) = postSolution
		{F2099138-9D97-46F4-8121-A13BDFC858B8}.Debug|Any CPU.ActiveCfg = Debug|Any CPU
		{F2099138-9D97-46F4-8121-A13BDFC858B8}.Debug|Any CPU.Build.0 = Debug|Any CPU
		{F2099138-9D97-46F4-8121-A13BDFC858B8}.Release|Any CPU.ActiveCfg = Release|Any CPU
		{F2099138-9D97-46F4-8121-A13BDFC858B8}.Release|Any CPU.Build.0 = Release|Any CPU
		{C17860A9-5E73-431F-9C1B-0AF2FE922891}.Debug|Any CPU.ActiveCfg = Debug|Any CPU
		{C17860A9-5E73-431F-9C1B-0AF2FE922891}.Debug|Any CPU.Build.0 = Debug|Any CPU
		{C17860A9-5E73-431F-9C1B-0AF2FE922891}.Release|Any CPU.ActiveCfg = Release|Any CPU
		{C17860A9-5E73-431F-9C1B-0AF2FE922891}.Release|Any CPU.Build.0 = Release|Any CPU
	EndGlobalSection
	GlobalSection(SolutionProperties) = preSolution
		HideSolutionNode = FALSE
	EndGlobalSection
EndGlobal
